github.com/benbjohnson/immutable v0.4.3 h1:GYHcksoJ9K6HyAUpGxwZURrbTkXA0Dh4otXGqbhdrjA=
github.com/benbjohnson/immutable v0.4.3/go.mod h1:qJIKKSmdqz1tVzNtst1DZzvaqOU1onk1rc03IeM3Owk=
github.com/datadog/zstd v1.4.5 h1:PW1WRRmJ8wBxKoaY3HVedZ3k8Pfw4eAJ22yTXutS8cg=
github.com/datadog/zstd v1.4.5/go.mod h1:inRp+etsHuvVqMPNTXaFlpf/Tj7wqviBtdJoPVrPEFQ=
github.com/davecgh/go-spew v1.1.0/go.mod h1:J7Y8YcW2NihsgmVo/mv3lAwl/skON4iLHjSsI+c5H38=
github.com/pmezard/go-difflib v1.0.0/go.mod h1:iKH77koFhYxTK1pcRnkKkqfTogsbg7gZNVY4sRDYZ/4=
github.com/qri-io/jsonpointer v0.1.1 h1:prVZBZLL6TW5vsSB9fFHFAMBLI4b0ri5vribQlTJiBA=
github.com/qri-io/jsonpointer v0.1.1/go.mod h1:DnJPaYgiKu56EuDp8TU5wFLdZIcAnb/uH9v37ZaMV64=
github.com/qri-io/jsonschema v0.2.1 h1:NNFoKms+kut6ABPf6xiKNM5214jzxAhDBrPHCJ97Wg0=
github.com/qri-io/jsonschema v0.2.1/go.mod h1:g7DPkiOsK1xv6T/Ao5scXRkd+yTFygcANPBaaqW+VrI=
github.com/sergi/go-diff v1.0.0 h1:Kpca3qRNrduNnOQeazBd0ysaKrUJiIuISHxogkT9RPQ=
github.com/sergi/go-diff v1.0.0/go.mod h1:0CfEIISq7TuYL3j771MWULgwwjU+GofnZX9QAmXWZgo=
github.com/stretchr/objx v0.1.0/go.mod h1:HFkY916IF+rwdDfMAkV7OtwuqBVzrE8GR6GFx+wExME=
github.com/stretchr/testify v1.3.0/go.mod h1:M5WIy9Dh21IEIfnGCwXGc5bZfKNJtfHm1UVUgZn+9EI=
gitlab.com/golang-utils/isnil v1.0.1 h1:VFaqH0Pku89h6YZNNwi4p2dfPpJdV2yxCvVTc2o1JpA=
gitlab.com/golang-utils/isnil v1.0.1/go.mod h1:TVybJRZllRk2DZa83QcTquz+oH6+DvkP6Ub0peTkjek=
golang.org/x/exp v0.0.0-20220518171630-0b5c67f07fdf h1:oXVg4h2qJDd9htKxb5SCpFBHLipW6hXmL3qpUixS2jw=
golang.org/x/exp v0.0.0-20220518171630-0b5c67f07fdf/go.mod h1:yh0Ynu2b5ZUe3MQfp2nM0ecK7wsgouWTDN0FNeJuIys=
